
Microsoft Visual Studio Solution File, Format Version 12.00
# Visual Studio Version 17
VisualStudioVersion = 17.2.32505.173
MinimumVisualStudioVersion = 10.0.40219.1
Project("{FAE04EC0-301F-11D3-BF4B-00C04F79EFBC}") = "MyShop.Core", "MyShop.Core\MyShop.Core.csproj", "{CD35FBA9-32B8-4014-910B-6038C4B13AA2}"
EndProject
Project("{FAE04EC0-301F-11D3-BF4B-00C04F79EFBC}") = "MyShop.Services", "MyShop.Services\MyShop.Services.csproj", "{B99C80A6-8556-4827-AD4F-328AC9F30C91}"
EndProject
Project("{FAE04EC0-301F-11D3-BF4B-00C04F79EFBC}") = "MyShop.DataAccess.SQL", "MyShop.DataAccess.SQL\MyShop.DataAccess.SQL.csproj", "{89FA0DFD-F6B7-446F-A844-329399E27C6C}"
EndProject
Project("{FAE04EC0-301F-11D3-BF4B-00C04F79EFBC}") = "MyShop.DataAccess.InMemory", "MyShop.DataAccess.InMemory\MyShop.DataAccess.InMemory.csproj", "{8696A5CC-2F2F-4C9B-94C7-8BB2B80EB86B}"
EndProject
Project("{FAE04EC0-301F-11D3-BF4B-00C04F79EFBC}") = "MyShop.WebUI", "MyShop.WebUI\MyShop.WebUI.csproj", "{EE291037-8976-48F4-9224-857213757BC5}"
EndProject
Project("{FAE04EC0-301F-11D3-BF4B-00C04F79EFBC}") = "MyShop.WebUI.Tests", "MyShop.WebUI.Tests\MyShop.WebUI.Tests.csproj", "{0CCB604D-EE30-4535-8928-2B31E3C30803}"
EndProject
Global
	GlobalSection(SolutionConfigurationPlatforms) = preSolution
		Debug|Any CPU = Debug|Any CPU
		Release|Any CPU = Release|Any CPU
	EndGlobalSection
	GlobalSection(ProjectConfigurationPlatforms) = postSolution
		{CD35FBA9-32B8-4014-910B-6038C4B13AA2}.Debug|Any CPU.ActiveCfg = Debug|Any CPU
		{CD35FBA9-32B8-4014-910B-6038C4B13AA2}.Debug|Any CPU.Build.0 = Debug|Any CPU
		{CD35FBA9-32B8-4014-910B-6038C4B13AA2}.Release|Any CPU.ActiveCfg = Release|Any CPU
		{CD35FBA9-32B8-4014-910B-6038C4B13AA2}.Release|Any CPU.Build.0 = Release|Any CPU
		{B99C80A6-8556-4827-AD4F-328AC9F30C91}.Debug|Any CPU.ActiveCfg = Debug|Any CPU
		{B99C80A6-8556-4827-AD4F-328AC9F30C91}.Debug|Any CPU.Build.0 = Debug|Any CPU
		{B99C80A6-8556-4827-AD4F-328AC9F30C91}.Release|Any CPU.ActiveCfg = Release|Any CPU
		{B99C80A6-8556-4827-AD4F-328AC9F30C91}.Release|Any CPU.Build.0 = Release|Any CPU
		{89FA0DFD-F6B7-446F-A844-329399E27C6C}.Debug|Any CPU.ActiveCfg = Debug|Any CPU
		{89FA0DFD-F6B7-446F-A844-329399E27C6C}.Debug|Any CPU.Build.0 = Debug|Any CPU
		{89FA0DFD-F6B7-446F-A844-329399E27C6C}.Release|Any CPU.ActiveCfg = Release|Any CPU
		{89FA0DFD-F6B7-446F-A844-329399E27C6C}.Release|Any CPU.Build.0 = Release|Any CPU
		{8696A5CC-2F2F-4C9B-94C7-8BB2B80EB86B}.Debug|Any CPU.ActiveCfg = Debug|Any CPU
		{8696A5CC-2F2F-4C9B-94C7-8BB2B80EB86B}.Debug|Any CPU.Build.0 = Debug|Any CPU
		{8696A5CC-2F2F-4C9B-94C7-8BB2B80EB86B}.Release|Any CPU.ActiveCfg = Release|Any CPU
		{8696A5CC-2F2F-4C9B-94C7-8BB2B80EB86B}.Release|Any CPU.Build.0 = Release|Any CPU
		{EE291037-8976-48F4-9224-857213757BC5}.Debug|Any CPU.ActiveCfg = Debug|Any CPU
		{EE291037-8976-48F4-9224-857213757BC5}.Debug|Any CPU.Build.0 = Debug|Any CPU
		{EE291037-8976-48F4-9224-857213757BC5}.Release|Any CPU.ActiveCfg = Release|Any CPU
		{EE291037-8976-48F4-9224-857213757BC5}.Release|Any CPU.Build.0 = Release|Any CPU
		{0CCB604D-EE30-4535-8928-2B31E3C30803}.Debug|Any CPU.ActiveCfg = Debug|Any CPU
		{0CCB604D-EE30-4535-8928-2B31E3C30803}.Debug|Any CPU.Build.0 = Debug|Any CPU
		{0CCB604D-EE30-4535-8928-2B31E3C30803}.Release|Any CPU.ActiveCfg = Release|Any CPU
		{0CCB604D-EE30-4535-8928-2B31E3C30803}.Release|Any CPU.Build.0 = Release|Any CPU
	EndGlobalSection
	GlobalSection(SolutionProperties) = preSolution
		HideSolutionNode = FALSE
	EndGlobalSection
	GlobalSection(ExtensibilityGlobals) = postSolution
		SolutionGuid = {322A31A8-63CF-4C53-B02F-D6BBC9D8EFED}
	EndGlobalSection
EndGlobal
